<?xml version="1.0" encoding="utf-8"?>
<Project ToolsVersion="4.0" xmlns="http://schemas.microsoft.com/developer/msbuild/2003">
  <ItemGroup>
    <Filter Include="module">
      <UniqueIdentifier>{a3d958ba-7e22-4e9f-a863-62c24ae41a00}</UniqueIdentifier>
    </Filter>
    <Filter Include="memory">
      <UniqueIdentifier>{dc8bc9bb-e73f-4817-98b9-7e3c9f866944}</UniqueIdentifier>
    </Filter>
    <Filter Include="pointer">
      <UniqueIdentifier>{84e13186-6a19-4db9-bc46-fbc7a0e5ee00}</UniqueIdentifier>
    </Filter>
    <Filter Include="section">
      <UniqueIdentifier>{55d7f02b-1453-454e-ac8b-d77e1fcdc7b3}</UniqueIdentifier>
    </Filter>
  </ItemGroup>
  <ItemGroup>
    <ClCompile Include="module.cpp">
      <Filter>module</Filter>
    </ClCompile>
    <ClCompile Include="memory.cpp">
      <Filter>memory</Filter>
    </ClCompile>
    <ClCompile Include="pointer.cpp">
      <Filter>pointer</Filter>
    </ClCompile>
    <ClCompile Include="section.cpp">
      <Filter>section</Filter>
    </ClCompile>
  </ItemGroup>
  <ItemGroup>
    <ClInclude Include="module.h">
      <Filter>module</Filter>
    </ClInclude>
    <ClInclude Include="typedefs.h" />
    <ClInclude Include="memory.h">
      <Filter>memory</Filter>
    </ClInclude>
    <ClInclude Include="pointer.h">
      <Filter>pointer</Filter>
    </ClInclude>
    <ClInclude Include="section.h">
      <Filter>section</Filter>
    </ClInclude>
  </ItemGroup>
</Project>